# THIS IS AN AUTOGENERATED FILE. DO NOT EDIT THIS FILE DIRECTLY.
# yarn lockfile v1


argparse@^1.0.7:
  version "1.0.10"
  resolved "https://registry.yarnpkg.com/argparse/-/argparse-1.0.10.tgz#bcd6791ea5ae09725e17e5ad988134cd40b3d911"
  integrity sha512-o5Roy6tNG4SL/FOkCAN6RzjiakZS25RLYFrcMttJqbdd8BWrnA+fGz57iN5Pb06pvBGvl5gQ0B48dJlslXvoTg==
  dependencies:
    sprintf-js "~1.0.2"

commander@1.0.0:
  version "1.0.0"
  resolved "https://registry.yarnpkg.com/commander/-/commander-1.0.0.tgz#5e6a88e7070ff5908836ead19169548c30f90bcd"
  integrity sha1-XmqI5wcP9ZCINurRkWlUjDD5C80=

dot-env@^0.0.1:
  version "0.0.1"
  resolved "https://registry.yarnpkg.com/dot-env/-/dot-env-0.0.1.tgz#e4434cb8c69143e445bc28a729437e4fabd88c80"
  integrity sha1-5ENMuMaRQ+RFvCinKUN+T6vYjIA=

entities@~1.1.1:
  version "1.1.2"
  resolved "https://registry.yarnpkg.com/entities/-/entities-1.1.2.tgz#bdfa735299664dfafd34529ed4f8522a275fea56"
  integrity sha512-f2LZMYl1Fzu7YSBKg+RoROelpOaNrcGmE9AZubeDfrCEia483oW4MI4VyFd5VNHIgQ/7qm1I0wUHK1eJnn2y2w==

esprima@^4.0.0:
  version "4.0.1"
  resolved "https://registry.yarnpkg.com/esprima/-/esprima-4.0.1.tgz#13b04cdb3e6c5d19df91ab6987a8695619b0aa71"
  integrity sha512-eGuFFw7Upda+g4p+QHvnW0RyTX/SVeJBDM/gCtMARO0cLuT2HcEKnTPvhjV6aGeqrCB/sbNop0Kszm0jsaWU4A==

js-yaml@^3.5.2:
  version "3.14.1"
  resolved "https://registry.yarnpkg.com/js-yaml/-/js-yaml-3.14.1.tgz#dae812fdb3825fa306609a8717383c50c36a0537"
  integrity sha512-okMH7OXXJ7YrN9Ok3/SXrnu4iX9yOk+25nqX4imS2npuvTYDmo/QEZoqwZkYaIDk3jVvBOTOIEgEhaLOynBS9g==
  dependencies:
    argparse "^1.0.7"
    esprima "^4.0.0"

linkify-it@^2.0.0:
  version "2.2.0"
  resolved "https://registry.yarnpkg.com/linkify-it/-/linkify-it-2.2.0.tgz#e3b54697e78bf915c70a38acd78fd09e0058b1cf"
  integrity sha512-GnAl/knGn+i1U/wjBz3akz2stz+HrHLsxMwHQGofCDfPvlf+gDKN58UtfmUquTY4/MXeE2x7k19KQmeoZi94Iw==
  dependencies:
    uc.micro "^1.0.1"

markdown-it-attrs@^0.7.1:
  version "0.7.4"
  resolved "https://registry.yarnpkg.com/markdown-it-attrs/-/markdown-it-attrs-0.7.4.tgz#2e5785af1d311dae50c3dafff354890dbe1eeae5"
  integrity sha1-LleFrx0xHa5Qw9r/81SJDb4e6uU=

markdown-it-emoji@^1.2.0:
  version "1.4.0"
  resolved "https://registry.yarnpkg.com/markdown-it-emoji/-/markdown-it-emoji-1.4.0.tgz#9bee0e9a990a963ba96df6980c4fddb05dfb4dcc"
  integrity sha1-m+4OmpkKljupbfaYDE/dsF37Tcw=

markdown-it-implicit-figures@^0.3.2:
  version "0.3.2"
  resolved "https://registry.yarnpkg.com/markdown-it-implicit-figures/-/markdown-it-implicit-figures-0.3.2.tgz#2b84732c6425b9233e648d44e7dd8a9d455647c8"
  integrity sha1-K4RzLGQluSM+ZI1E592KnUVWR8g=

markdown-it@^8.0.0:
  version "8.4.2"
  resolved "https://registry.yarnpkg.com/markdown-it/-/markdown-it-8.4.2.tgz#386f98998dc15a37722aa7722084f4020bdd9b54"
  integrity sha512-GcRz3AWTqSUphY3vsUqQSFMbgR38a4Lh3GWlHRh/7MRwz8mcu9n2IO7HOh+bXHrR9kOPDl5RNCaEsrneb+xhHQ==
  dependencies:
    argparse "^1.0.7"
    entities "~1.1.1"
    linkify-it "^2.0.0"
    mdurl "^1.0.1"
    uc.micro "^1.0.5"

md-yaml-json@^1.1.1:
  version "1.1.1"
  resolved "https://registry.yarnpkg.com/md-yaml-json/-/md-yaml-json-1.1.1.tgz#703141abcdc9ce0146a618011364bc1661809d4d"
  integrity sha1-cDFBq83JzgFGphgBE2S8FmGAnU0=
  dependencies:
    markdown-it "^8.0.0"
    markdown-it-attrs "^0.7.1"
    markdown-it-emoji "^1.2.0"
    markdown-it-implicit-figures "^0.3.2"
    yaml-front-matter "^3.4.0"

mdurl@^1.0.1:
  version "1.0.1"
  resolved "https://registry.yarnpkg.com/mdurl/-/mdurl-1.0.1.tgz#fe85b2ec75a59037f2adfec100fd6c601761152e"
  integrity sha1-/oWy7HWlkDfyrf7BAP1sYBdhFS4=

sprintf-js@~1.0.2:
  version "1.0.3"
  resolved "https://registry.yarnpkg.com/sprintf-js/-/sprintf-js-1.0.3.tgz#04e6926f662895354f3dd015203633b857297e2c"
  integrity sha1-BOaSb2YolTVPPdAVIDYzuFcpfiw=

uc.micro@^1.0.1, uc.micro@^1.0.5:
  version "1.0.6"
  resolved "https://registry.yarnpkg.com/uc.micro/-/uc.micro-1.0.6.tgz#9c411a802a409a91fc6cf74081baba34b24499ac"
  integrity sha512-8Y75pvTYkLJW2hWQHXxoqRgV7qb9B+9vFEtidML+7koHUFapnVJAZ6cKs+Qjz5Aw3aZWHMC6u0wJE3At+nSGwA==

yaml-front-matter@^3.4.0:
  version "3.4.1"
  resolved "https://registry.yarnpkg.com/yaml-front-matter/-/yaml-front-matter-3.4.1.tgz#e52e84fea6983b93755e9b1564dba989b006b5a5"
  integrity sha1-5S6E/qaYO5N1XpsVZNupibAGtaU=
  dependencies:
    commander "1.0.0"
    js-yaml "^3.5.2"
